Microsoft Visual Studio Solution File, Format Version 12.00
# Visual Studio Version 17
VisualStudioVersion = 17.5.2.0
MinimumVisualStudioVersion = 10.0.40219.1
Project("{FAE04EC0-301F-11D3-BF4B-00C04F79EFBC}") = "PerceptionMasteryLootSense", "PerceptionMasteryLootSense.csproj", "{A15264E7-DF6A-367E-AE36-ECF9F7E99F95}"
EndProject
Global
	GlobalSection(SolutionConfigurationPlatforms) = preSolution
		Debug|Any CPU = Debug|Any CPU
		Release|Any CPU = Release|Any CPU
	EndGlobalSection
	GlobalSection(ProjectConfigurationPlatforms) = postSolution
		{A15264E7-DF6A-367E-AE36-ECF9F7E99F95}.Debug|Any CPU.ActiveCfg = Debug|Any CPU
		{A15264E7-DF6A-367E-AE36-ECF9F7E99F95}.Debug|Any CPU.Build.0 = Debug|Any CPU
		{A15264E7-DF6A-367E-AE36-ECF9F7E99F95}.Release|Any CPU.ActiveCfg = Release|Any CPU
		{A15264E7-DF6A-367E-AE36-ECF9F7E99F95}.Release|Any CPU.Build.0 = Release|Any CPU
	EndGlobalSection
	GlobalSection(SolutionProperties) = preSolution
		HideSolutionNode = FALSE
	EndGlobalSection
	GlobalSection(ExtensibilityGlobals) = postSolution
		SolutionGuid = {90F27C99-4D17-4D18-BA36-AF9537D6BE89}
	EndGlobalSection
EndGlobal
